
Microsoft Visual Studio Solution File, Format Version 12.00
# Visual Studio Version 16
VisualStudioVersion = 16.0.30804.86
MinimumVisualStudioVersion = 10.0.40219.1
Project("{FAE04EC0-301F-11D3-BF4B-00C04F79EFBC}") = "RVA_Kolokvijum", "RVA_Kolokvijum.csproj", "{914C6E96-CCD4-4511-9361-537A123947FF}"
EndProject
Global
	GlobalSection(SolutionConfigurationPlatforms) = preSolution
		Debug|Any CPU = Debug|Any CPU
		Release|Any CPU = Release|Any CPU
	EndGlobalSection
	GlobalSection(ProjectConfigurationPlatforms) = postSolution
		{914C6E96-CCD4-4511-9361-537A123947FF}.Debug|Any CPU.ActiveCfg = Debug|Any CPU
		{914C6E96-CCD4-4511-9361-537A123947FF}.Debug|Any CPU.Build.0 = Debug|Any CPU
		{914C6E96-CCD4-4511-9361-537A123947FF}.Release|Any CPU.ActiveCfg = Release|Any CPU
		{914C6E96-CCD4-4511-9361-537A123947FF}.Release|Any CPU.Build.0 = Release|Any CPU
	EndGlobalSection
	GlobalSection(SolutionProperties) = preSolution
		HideSolutionNode = FALSE
	EndGlobalSection
	GlobalSection(ExtensibilityGlobals) = postSolution
		SolutionGuid = {A986F963-1E7E-4102-960B-916C5468F8CF}
	EndGlobalSection
EndGlobal
