
Microsoft Visual Studio Solution File, Format Version 12.00
# Visual Studio Version 16
VisualStudioVersion = 16.0.32929.386
MinimumVisualStudioVersion = 10.0.40219.1
Project("{FAE04EC0-301F-11D3-BF4B-00C04F79EFBC}") = "KolZadatak", "KolZadatak\KolZadatak.csproj", "{D8096667-7875-4E00-9A30-1056B35F7F04}"
EndProject
Global
	GlobalSection(SolutionConfigurationPlatforms) = preSolution
		Debug|Any CPU = Debug|Any CPU
		Release|Any CPU = Release|Any CPU
	EndGlobalSection
	GlobalSection(ProjectConfigurationPlatforms) = postSolution
		{D8096667-7875-4E00-9A30-1056B35F7F04}.Debug|Any CPU.ActiveCfg = Debug|Any CPU
		{D8096667-7875-4E00-9A30-1056B35F7F04}.Debug|Any CPU.Build.0 = Debug|Any CPU
		{D8096667-7875-4E00-9A30-1056B35F7F04}.Release|Any CPU.ActiveCfg = Release|Any CPU
		{D8096667-7875-4E00-9A30-1056B35F7F04}.Release|Any CPU.Build.0 = Release|Any CPU
	EndGlobalSection
	GlobalSection(SolutionProperties) = preSolution
		HideSolutionNode = FALSE
	EndGlobalSection
	GlobalSection(ExtensibilityGlobals) = postSolution
		SolutionGuid = {4F2ABA74-F7F3-46F8-94B9-70694A0CEBE9}
	EndGlobalSection
EndGlobal
