
Microsoft Visual Studio Solution File, Format Version 12.00
# Visual Studio Version 16
VisualStudioVersion = 16.0.30804.86
MinimumVisualStudioVersion = 10.0.40219.1
Project("{FAE04EC0-301F-11D3-BF4B-00C04F79EFBC}") = "KolokvijumRVA", "KolokvijumRVA.csproj", "{95078AF1-8D5D-40E1-B8CD-B8204173BE3C}"
EndProject
Global
	GlobalSection(SolutionConfigurationPlatforms) = preSolution
		Debug|Any CPU = Debug|Any CPU
		Release|Any CPU = Release|Any CPU
	EndGlobalSection
	GlobalSection(ProjectConfigurationPlatforms) = postSolution
		{95078AF1-8D5D-40E1-B8CD-B8204173BE3C}.Debug|Any CPU.ActiveCfg = Debug|Any CPU
		{95078AF1-8D5D-40E1-B8CD-B8204173BE3C}.Debug|Any CPU.Build.0 = Debug|Any CPU
		{95078AF1-8D5D-40E1-B8CD-B8204173BE3C}.Release|Any CPU.ActiveCfg = Release|Any CPU
		{95078AF1-8D5D-40E1-B8CD-B8204173BE3C}.Release|Any CPU.Build.0 = Release|Any CPU
	EndGlobalSection
	GlobalSection(SolutionProperties) = preSolution
		HideSolutionNode = FALSE
	EndGlobalSection
	GlobalSection(ExtensibilityGlobals) = postSolution
		SolutionGuid = {E1E494F4-18A6-4758-90B2-3199EA39AD9D}
	EndGlobalSection
EndGlobal
